{
  "nodes": {
    "inept-epub": {
      "inputs": {
        "nixpkgs": [
          "nixpkgs"
        ]
      },
      "locked": {
        "lastModified": 1627000145,
        "narHash": "sha256-ajj96BcrbwLfVQ0jBd4Ut3qN6bNN9wYi44lTcZbczmk=",
        "owner": "BentonEdmondson",
        "repo": "inept-epub",
        "rev": "2847a5fb65952ac717d7e9a057d365bfef5e5f00",
        "type": "github"
      },
      "original": {
        "owner": "BentonEdmondson",
        "repo": "inept-epub",
        "type": "github"
      }
    },
    "libgourou-utils": {
      "inputs": {
        "nixpkgs": [
          "nixpkgs"
        ]
      },
      "locked": {
        "lastModified": 1626999876,
        "narHash": "sha256-lBbUrNfuat4IsjEAP5icOyMPN4pojmShe/1An4VZ4Tg=",
        "owner": "BentonEdmondson",
        "repo": "libgourou-utils",
        "rev": "cc532837b164ffd2c4a9e4351702f96a47e2f244",
        "type": "github"
      },
      "original": {
        "owner": "BentonEdmondson",
        "repo": "libgourou-utils",
        "type": "github"
      }
    },
    "nixpkgs": {
      "locked": {
        "lastModified": 1626852498,
        "narHash": "sha256-lOXUJvi0FJUXHTVSiC5qsMRtEUgqM4mGZpMESLuGhmo=",
        "owner": "NixOS",
        "repo": "nixpkgs",
        "rev": "16105403bdd843540cbef9c63fc0f16c1c6eaa70",
        "type": "github"
      },
      "original": {
        "owner": "NixOS",
        "ref": "nixos-unstable",
        "repo": "nixpkgs",
        "type": "github"
      }
    },
    "root": {
      "inputs": {
        "inept-epub": "inept-epub",
        "libgourou-utils": "libgourou-utils",
        "nixpkgs": "nixpkgs"
      }
    }
  },
  "root": "root",
  "version": 7
}
